
Microsoft Visual Studio Solution File, Format Version 12.00
# Visual Studio 14
VisualStudioVersion = 14.0.24720.0
MinimumVisualStudioVersion = 10.0.40219.1
Project("{FAE04EC0-301F-11D3-BF4B-00C04F79EFBC}") = "XamarinDemo1.Droid", "XamarinDemo1\XamarinDemo1.Droid\XamarinDemo1.Droid.csproj", "{E6CE39BB-2D87-47D2-A857-3A2F37BBB53C}"
EndProject
Project("{FAE04EC0-301F-11D3-BF4B-00C04F79EFBC}") = "XamarinDemo1.iOS", "XamarinDemo1\XamarinDemo1.iOS\XamarinDemo1.iOS.csproj", "{6EC4CDB0-007E-43AC-93EA-3951DA0B7D6F}"
EndProject
Project("{FAE04EC0-301F-11D3-BF4B-00C04F79EFBC}") = "XamarinDemo1.WinPhone", "XamarinDemo1\XamarinDemo1.WinPhone\XamarinDemo1.WinPhone.csproj", "{BCDE2AF8-AD42-4AEB-8486-3FEADDB4184D}"
EndProject
Project("{D954291E-2A0B-460D-934E-DC6B0785DB48}") = "XamarinDemo1", "XamarinDemo1\XamarinDemo1\XamarinDemo1.shproj", "{90C0C71D-988B-4FAE-9E23-5A86AC2B8D9E}"
EndProject
Global
	GlobalSection(SharedMSBuildProjectFiles) = preSolution
		XamarinDemo1\XamarinDemo1\XamarinDemo1.projitems*{90c0c71d-988b-4fae-9e23-5a86ac2b8d9e}*SharedItemsImports = 13
	EndGlobalSection
	GlobalSection(SolutionConfigurationPlatforms) = preSolution
		AppStore|Any CPU = AppStore|Any CPU
		AppStore|ARM = AppStore|ARM
		AppStore|iPhone = AppStore|iPhone
		AppStore|iPhoneSimulator = AppStore|iPhoneSimulator
		AppStore|x86 = AppStore|x86
		Debug|Any CPU = Debug|Any CPU
		Debug|ARM = Debug|ARM
		Debug|iPhone = Debug|iPhone
		Debug|iPhoneSimulator = Debug|iPhoneSimulator
		Debug|x86 = Debug|x86
		Release|Any CPU = Release|Any CPU
		Release|ARM = Release|ARM
		Release|iPhone = Release|iPhone
		Release|iPhoneSimulator = Release|iPhoneSimulator
		Release|x86 = Release|x86
	EndGlobalSection
	GlobalSection(ProjectConfigurationPlatforms) = postSolution
		{E6CE39BB-2D87-47D2-A857-3A2F37BBB53C}.AppStore|Any CPU.ActiveCfg = Release|Any CPU
		{E6CE39BB-2D87-47D2-A857-3A2F37BBB53C}.AppStore|Any CPU.Build.0 = Release|Any CPU
		{E6CE39BB-2D87-47D2-A857-3A2F37BBB53C}.AppStore|Any CPU.Deploy.0 = Release|Any CPU
		{E6CE39BB-2D87-47D2-A857-3A2F37BBB53C}.AppStore|ARM.ActiveCfg = Release|Any CPU
		{E6CE39BB-2D87-47D2-A857-3A2F37BBB53C}.AppStore|ARM.Build.0 = Release|Any CPU
		{E6CE39BB-2D87-47D2-A857-3A2F37BBB53C}.AppStore|ARM.Deploy.0 = Release|Any CPU
		{E6CE39BB-2D87-47D2-A857-3A2F37BBB53C}.AppStore|iPhone.ActiveCfg = Release|Any CPU
		{E6CE39BB-2D87-47D2-A857-3A2F37BBB53C}.AppStore|iPhone.Build.0 = Release|Any CPU
		{E6CE39BB-2D87-47D2-A857-3A2F37BBB53C}.AppStore|iPhone.Deploy.0 = Release|Any CPU
		{E6CE39BB-2D87-47D2-A857-3A2F37BBB53C}.AppStore|iPhoneSimulator.ActiveCfg = Release|Any CPU
		{E6CE39BB-2D87-47D2-A857-3A2F37BBB53C}.AppStore|iPhoneSimulator.Build.0 = Release|Any CPU
		{E6CE39BB-2D87-47D2-A857-3A2F37BBB53C}.AppStore|iPhoneSimulator.Deploy.0 = Release|Any CPU
		{E6CE39BB-2D87-47D2-A857-3A2F37BBB53C}.AppStore|x86.ActiveCfg = Release|Any CPU
		{E6CE39BB-2D87-47D2-A857-3A2F37BBB53C}.AppStore|x86.Build.0 = Release|Any CPU
		{E6CE39BB-2D87-47D2-A857-3A2F37BBB53C}.AppStore|x86.Deploy.0 = Release|Any CPU
		{E6CE39BB-2D87-47D2-A857-3A2F37BBB53C}.Debug|Any CPU.ActiveCfg = Debug|Any CPU
		{E6CE39BB-2D87-47D2-A857-3A2F37BBB53C}.Debug|Any CPU.Build.0 = Debug|Any CPU
		{E6CE39BB-2D87-47D2-A857-3A2F37BBB53C}.Debug|Any CPU.Deploy.0 = Debug|Any CPU
		{E6CE39BB-2D87-47D2-A857-3A2F37BBB53C}.Debug|ARM.ActiveCfg = Debug|Any CPU
		{E6CE39BB-2D87-47D2-A857-3A2F37BBB53C}.Debug|ARM.Build.0 = Debug|Any CPU
		{E6CE39BB-2D87-47D2-A857-3A2F37BBB53C}.Debug|ARM.Deploy.0 = Debug|Any CPU
		{E6CE39BB-2D87-47D2-A857-3A2F37BBB53C}.Debug|iPhone.ActiveCfg = Debug|Any CPU
		{E6CE39BB-2D87-47D2-A857-3A2F37BBB53C}.Debug|iPhone.Build.0 = Debug|Any CPU
		{E6CE39BB-2D87-47D2-A857-3A2F37BBB53C}.Debug|iPhone.Deploy.0 = Debug|Any CPU
		{E6CE39BB-2D87-47D2-A857-3A2F37BBB53C}.Debug|iPhoneSimulator.ActiveCfg = Debug|Any CPU
		{E6CE39BB-2D87-47D2-A857-3A2F37BBB53C}.Debug|iPhoneSimulator.Build.0 = Debug|Any CPU
		{E6CE39BB-2D87-47D2-A857-3A2F37BBB53C}.Debug|iPhoneSimulator.Deploy.0 = Debug|Any CPU
		{E6CE39BB-2D87-47D2-A857-3A2F37BBB53C}.Debug|x86.ActiveCfg = Debug|Any CPU
		{E6CE39BB-2D87-47D2-A857-3A2F37BBB53C}.Debug|x86.Build.0 = Debug|Any CPU
		{E6CE39BB-2D87-47D2-A857-3A2F37BBB53C}.Debug|x86.Deploy.0 = Debug|Any CPU
		{E6CE39BB-2D87-47D2-A857-3A2F37BBB53C}.Release|Any CPU.ActiveCfg = Release|Any CPU
		{E6CE39BB-2D87-47D2-A857-3A2F37BBB53C}.Release|Any CPU.Build.0 = Release|Any CPU
		{E6CE39BB-2D87-47D2-A857-3A2F37BBB53C}.Release|Any CPU.Deploy.0 = Release|Any CPU
		{E6CE39BB-2D87-47D2-A857-3A2F37BBB53C}.Release|ARM.ActiveCfg = Release|Any CPU
		{E6CE39BB-2D87-47D2-A857-3A2F37BBB53C}.Release|ARM.Build.0 = Release|Any CPU
		{E6CE39BB-2D87-47D2-A857-3A2F37BBB53C}.Release|ARM.Deploy.0 = Release|Any CPU
		{E6CE39BB-2D87-47D2-A857-3A2F37BBB53C}.Release|iPhone.ActiveCfg = Release|Any CPU
		{E6CE39BB-2D87-47D2-A857-3A2F37BBB53C}.Release|iPhone.Build.0 = Release|Any CPU
		{E6CE39BB-2D87-47D2-A857-3A2F37BBB53C}.Release|iPhone.Deploy.0 = Release|Any CPU
		{E6CE39BB-2D87-47D2-A857-3A2F37BBB53C}.Release|iPhoneSimulator.ActiveCfg = Release|Any CPU
		{E6CE39BB-2D87-47D2-A857-3A2F37BBB53C}.Release|iPhoneSimulator.Build.0 = Release|Any CPU
		{E6CE39BB-2D87-47D2-A857-3A2F37BBB53C}.Release|iPhoneSimulator.Deploy.0 = Release|Any CPU
		{E6CE39BB-2D87-47D2-A857-3A2F37BBB53C}.Release|x86.ActiveCfg = Release|Any CPU
		{E6CE39BB-2D87-47D2-A857-3A2F37BBB53C}.Release|x86.Build.0 = Release|Any CPU
		{E6CE39BB-2D87-47D2-A857-3A2F37BBB53C}.Release|x86.Deploy.0 = Release|Any CPU
		{6EC4CDB0-007E-43AC-93EA-3951DA0B7D6F}.AppStore|Any CPU.ActiveCfg = AppStore|iPhone
		{6EC4CDB0-007E-43AC-93EA-3951DA0B7D6F}.AppStore|ARM.ActiveCfg = AppStore|iPhone
		{6EC4CDB0-007E-43AC-93EA-3951DA0B7D6F}.AppStore|iPhone.ActiveCfg = AppStore|iPhone
		{6EC4CDB0-007E-43AC-93EA-3951DA0B7D6F}.AppStore|iPhone.Build.0 = AppStore|iPhone
		{6EC4CDB0-007E-43AC-93EA-3951DA0B7D6F}.AppStore|iPhoneSimulator.ActiveCfg = AppStore|iPhoneSimulator
		{6EC4CDB0-007E-43AC-93EA-3951DA0B7D6F}.AppStore|iPhoneSimulator.Build.0 = AppStore|iPhoneSimulator
		{6EC4CDB0-007E-43AC-93EA-3951DA0B7D6F}.AppStore|x86.ActiveCfg = AppStore|iPhone
		{6EC4CDB0-007E-43AC-93EA-3951DA0B7D6F}.Debug|Any CPU.ActiveCfg = Debug|iPhone
		{6EC4CDB0-007E-43AC-93EA-3951DA0B7D6F}.Debug|ARM.ActiveCfg = Debug|iPhone
		{6EC4CDB0-007E-43AC-93EA-3951DA0B7D6F}.Debug|iPhone.ActiveCfg = Debug|iPhone
		{6EC4CDB0-007E-43AC-93EA-3951DA0B7D6F}.Debug|iPhone.Build.0 = Debug|iPhone
		{6EC4CDB0-007E-43AC-93EA-3951DA0B7D6F}.Debug|iPhoneSimulator.ActiveCfg = Debug|iPhoneSimulator
		{6EC4CDB0-007E-43AC-93EA-3951DA0B7D6F}.Debug|iPhoneSimulator.Build.0 = Debug|iPhoneSimulator
		{6EC4CDB0-007E-43AC-93EA-3951DA0B7D6F}.Debug|x86.ActiveCfg = Debug|iPhone
		{6EC4CDB0-007E-43AC-93EA-3951DA0B7D6F}.Release|Any CPU.ActiveCfg = Release|iPhone
		{6EC4CDB0-007E-43AC-93EA-3951DA0B7D6F}.Release|ARM.ActiveCfg = Release|iPhone
		{6EC4CDB0-007E-43AC-93EA-3951DA0B7D6F}.Release|iPhone.ActiveCfg = Release|iPhone
		{6EC4CDB0-007E-43AC-93EA-3951DA0B7D6F}.Release|iPhone.Build.0 = Release|iPhone
		{6EC4CDB0-007E-43AC-93EA-3951DA0B7D6F}.Release|iPhoneSimulator.ActiveCfg = Release|iPhoneSimulator
		{6EC4CDB0-007E-43AC-93EA-3951DA0B7D6F}.Release|iPhoneSimulator.Build.0 = Release|iPhoneSimulator
		{6EC4CDB0-007E-43AC-93EA-3951DA0B7D6F}.Release|x86.ActiveCfg = Release|iPhone
		{BCDE2AF8-AD42-4AEB-8486-3FEADDB4184D}.AppStore|Any CPU.ActiveCfg = Release|Any CPU
		{BCDE2AF8-AD42-4AEB-8486-3FEADDB4184D}.AppStore|Any CPU.Build.0 = Release|Any CPU
		{BCDE2AF8-AD42-4AEB-8486-3FEADDB4184D}.AppStore|Any CPU.Deploy.0 = Release|Any CPU
		{BCDE2AF8-AD42-4AEB-8486-3FEADDB4184D}.AppStore|ARM.ActiveCfg = Release|ARM
		{BCDE2AF8-AD42-4AEB-8486-3FEADDB4184D}.AppStore|ARM.Build.0 = Release|ARM
		{BCDE2AF8-AD42-4AEB-8486-3FEADDB4184D}.AppStore|ARM.Deploy.0 = Release|ARM
		{BCDE2AF8-AD42-4AEB-8486-3FEADDB4184D}.AppStore|iPhone.ActiveCfg = Release|Any CPU
		{BCDE2AF8-AD42-4AEB-8486-3FEADDB4184D}.AppStore|iPhone.Build.0 = Release|Any CPU
		{BCDE2AF8-AD42-4AEB-8486-3FEADDB4184D}.AppStore|iPhone.Deploy.0 = Release|Any CPU
		{BCDE2AF8-AD42-4AEB-8486-3FEADDB4184D}.AppStore|iPhoneSimulator.ActiveCfg = Release|Any CPU
		{BCDE2AF8-AD42-4AEB-8486-3FEADDB4184D}.AppStore|iPhoneSimulator.Build.0 = Release|Any CPU
		{BCDE2AF8-AD42-4AEB-8486-3FEADDB4184D}.AppStore|iPhoneSimulator.Deploy.0 = Release|Any CPU
		{BCDE2AF8-AD42-4AEB-8486-3FEADDB4184D}.AppStore|x86.ActiveCfg = Release|x86
		{BCDE2AF8-AD42-4AEB-8486-3FEADDB4184D}.AppStore|x86.Build.0 = Release|x86
		{BCDE2AF8-AD42-4AEB-8486-3FEADDB4184D}.AppStore|x86.Deploy.0 = Release|x86
		{BCDE2AF8-AD42-4AEB-8486-3FEADDB4184D}.Debug|Any CPU.ActiveCfg = Debug|Any CPU
		{BCDE2AF8-AD42-4AEB-8486-3FEADDB4184D}.Debug|Any CPU.Build.0 = Debug|Any CPU
		{BCDE2AF8-AD42-4AEB-8486-3FEADDB4184D}.Debug|Any CPU.Deploy.0 = Debug|Any CPU
		{BCDE2AF8-AD42-4AEB-8486-3FEADDB4184D}.Debug|ARM.ActiveCfg = Debug|ARM
		{BCDE2AF8-AD42-4AEB-8486-3FEADDB4184D}.Debug|ARM.Build.0 = Debug|ARM
		{BCDE2AF8-AD42-4AEB-8486-3FEADDB4184D}.Debug|ARM.Deploy.0 = Debug|ARM
		{BCDE2AF8-AD42-4AEB-8486-3FEADDB4184D}.Debug|iPhone.ActiveCfg = Debug|Any CPU
		{BCDE2AF8-AD42-4AEB-8486-3FEADDB4184D}.Debug|iPhone.Build.0 = Debug|Any CPU
		{BCDE2AF8-AD42-4AEB-8486-3FEADDB4184D}.Debug|iPhone.Deploy.0 = Debug|Any CPU
		{BCDE2AF8-AD42-4AEB-8486-3FEADDB4184D}.Debug|iPhoneSimulator.ActiveCfg = Debug|Any CPU
		{BCDE2AF8-AD42-4AEB-8486-3FEADDB4184D}.Debug|iPhoneSimulator.Build.0 = Debug|Any CPU
		{BCDE2AF8-AD42-4AEB-8486-3FEADDB4184D}.Debug|iPhoneSimulator.Deploy.0 = Debug|Any CPU
		{BCDE2AF8-AD42-4AEB-8486-3FEADDB4184D}.Debug|x86.ActiveCfg = Debug|x86
		{BCDE2AF8-AD42-4AEB-8486-3FEADDB4184D}.Debug|x86.Build.0 = Debug|x86
		{BCDE2AF8-AD42-4AEB-8486-3FEADDB4184D}.Debug|x86.Deploy.0 = Debug|x86
		{BCDE2AF8-AD42-4AEB-8486-3FEADDB4184D}.Release|Any CPU.ActiveCfg = Release|Any CPU
		{BCDE2AF8-AD42-4AEB-8486-3FEADDB4184D}.Release|Any CPU.Build.0 = Release|Any CPU
		{BCDE2AF8-AD42-4AEB-8486-3FEADDB4184D}.Release|Any CPU.Deploy.0 = Release|Any CPU
		{BCDE2AF8-AD42-4AEB-8486-3FEADDB4184D}.Release|ARM.ActiveCfg = Release|ARM
		{BCDE2AF8-AD42-4AEB-8486-3FEADDB4184D}.Release|ARM.Build.0 = Release|ARM
		{BCDE2AF8-AD42-4AEB-8486-3FEADDB4184D}.Release|ARM.Deploy.0 = Release|ARM
		{BCDE2AF8-AD42-4AEB-8486-3FEADDB4184D}.Release|iPhone.ActiveCfg = Release|Any CPU
		{BCDE2AF8-AD42-4AEB-8486-3FEADDB4184D}.Release|iPhone.Build.0 = Release|Any CPU
		{BCDE2AF8-AD42-4AEB-8486-3FEADDB4184D}.Release|iPhone.Deploy.0 = Release|Any CPU
		{BCDE2AF8-AD42-4AEB-8486-3FEADDB4184D}.Release|iPhoneSimulator.ActiveCfg = Release|Any CPU
		{BCDE2AF8-AD42-4AEB-8486-3FEADDB4184D}.Release|iPhoneSimulator.Build.0 = Release|Any CPU
		{BCDE2AF8-AD42-4AEB-8486-3FEADDB4184D}.Release|iPhoneSimulator.Deploy.0 = Release|Any CPU
		{BCDE2AF8-AD42-4AEB-8486-3FEADDB4184D}.Release|x86.ActiveCfg = Release|x86
		{BCDE2AF8-AD42-4AEB-8486-3FEADDB4184D}.Release|x86.Build.0 = Release|x86
		{BCDE2AF8-AD42-4AEB-8486-3FEADDB4184D}.Release|x86.Deploy.0 = Release|x86
	EndGlobalSection
	GlobalSection(SolutionProperties) = preSolution
		HideSolutionNode = FALSE
	EndGlobalSection
EndGlobal
